# @generated by Move, please check-in and do not edit manually.

[move]
version = 3
manifest_digest = "BD47602C0305353274137554CA6C1A42230A664C0702B7D3E3028A4B82EC5A96"
deps_digest = "F8BBB0CCB2491CA29A3DF03D6F92277A4F3574266507ACD77214D37ECA3F3082"
dependencies = [
  { id = "Sui", name = "Sui" },
]

[[move.package]]
id = "MoveStdlib"
source = { git = "https://github.com/MystenLabs/sui.git", rev = "framework/testnet", subdir = "crates/sui-framework/packages/move-stdlib" }

[[move.package]]
id = "Sui"
source = { git = "https://github.com/MystenLabs/sui.git", rev = "framework/testnet", subdir = "crates/sui-framework/packages/sui-framework" }

dependencies = [
  { id = "MoveStdlib", name = "MoveStdlib" },
]

[move.toolchain-version]
compiler-version = "1.39.4"
edition = "2024.beta"
flavor = "sui"

[env]

[env.testnet]
chain-id = "4c78adac"
original-published-id = "0x2ed891140e4b9ac7b5b968b21934d3c4013c9fcd9f8b6e5dd19f71807182ef81"
latest-published-id = "0x2ed891140e4b9ac7b5b968b21934d3c4013c9fcd9f8b6e5dd19f71807182ef81"
published-version = "1"
