# @generated by Move, please check-in and do not edit manually.

[move]
version = 3
manifest_digest = "C9ED9BA49B85FC8B6CDE7AE36F183D70AA172743BA52C15A36D5691FC5F2CE16"
deps_digest = "F8BBB0CCB2491CA29A3DF03D6F92277A4F3574266507ACD77214D37ECA3F3082"
dependencies = [
  { id = "Sui", name = "Sui" },
]

[[move.package]]
id = "MoveStdlib"
source = { git = "https://github.com/MystenLabs/sui.git", rev = "framework/testnet", subdir = "crates/sui-framework/packages/move-stdlib" }

[[move.package]]
id = "Sui"
source = { git = "https://github.com/MystenLabs/sui.git", rev = "framework/testnet", subdir = "crates/sui-framework/packages/sui-framework" }

dependencies = [
  { id = "MoveStdlib", name = "MoveStdlib" },
]

[move.toolchain-version]
compiler-version = "1.39.3"
edition = "2024.beta"
flavor = "sui"

[env]

[env.Testnet]
chain-id = "4c78adac"
original-published-id = "0x485e975299a5d5df56967462a9e585faeb1687ed79b11704ace090b5ac84f5af"
latest-published-id = "0x485e975299a5d5df56967462a9e585faeb1687ed79b11704ace090b5ac84f5af"
published-version = "1"
